{
  "name": "back",
  "version": "0.0.0",
  "lockfileVersion": 1,
  "dependencies": {
    "sails-mysql": {
      "version": "0.11.5",
      "resolved": "https://registry.npmjs.org/sails-mysql/-/sails-mysql-0.11.5.tgz",
      "integrity": "sha1-qyos17i0jTIZDMlh+OmEkht/5gs=",
      "dependencies": {
        "async": {
          "version": "https://registry.npmjs.org/async/-/async-1.5.2.tgz",
          "integrity": "sha1-7GphrlZIDAw8skHJVhjiCJL5Zyo="
        },
        "lodash": {
          "version": "https://registry.npmjs.org/lodash/-/lodash-3.10.1.tgz",
          "integrity": "sha1-W/Rejkm6QYnhfUgnid/RW9FAt7Y="
        },
        "mysql": {
          "version": "https://registry.npmjs.org/mysql/-/mysql-2.10.2.tgz",
          "integrity": "sha1-nuXkbwVrK6OnhAoQ6uNCb1k4QpI=",
          "dependencies": {
            "bignumber.js": {
              "version": "https://registry.npmjs.org/bignumber.js/-/bignumber.js-2.1.4.tgz",
              "integrity": "sha1-KbO7aT27I46Ity6sL7iWUIiLLVk="
            },
            "readable-stream": {
              "version": "https://registry.npmjs.org/readable-stream/-/readable-stream-1.1.13.tgz",
              "integrity": "sha1-9u73ZPUUyJ4rniMUanW6EGdW0j4=",
              "dependencies": {
                "core-util-is": {
                  "version": "https://registry.npmjs.org/core-util-is/-/core-util-is-1.0.2.tgz",
                  "integrity": "sha1-tf1UIgqivFq1eqtxQMlAdUUDwac="
                },
                "inherits": {
                  "version": "https://registry.npmjs.org/inherits/-/inherits-2.0.1.tgz",
                  "integrity": "sha1-sX0I0ya0Qj5Wjv9xn5GwscvfafE="
                },
                "isarray": {
                  "version": "https://registry.npmjs.org/isarray/-/isarray-0.0.1.tgz",
                  "integrity": "sha1-ihis/Kmo9Bd+Cav8YDiTmwXR7t8="
                },
                "string_decoder": {
                  "version": "https://registry.npmjs.org/string_decoder/-/string_decoder-0.10.31.tgz",
                  "integrity": "sha1-YuIDvEF2bGwoyfyEMB2rHFMQ+pQ="
                }
              }
            }
          }
        },
        "waterline-cursor": {
          "version": "https://registry.npmjs.org/waterline-cursor/-/waterline-cursor-0.0.6.tgz",
          "integrity": "sha1-d1DuqIuI+ACZbRFTBH28hQ9FL08=",
          "dependencies": {
            "async": {
              "version": "https://registry.npmjs.org/async/-/async-0.9.2.tgz",
              "integrity": "sha1-rqdNXmHB+JlhO/ZL2mbUx48v0X0="
            },
            "lodash": {
              "version": "https://registry.npmjs.org/lodash/-/lodash-2.4.2.tgz",
              "integrity": "sha1-+t2DS5aDBz2hebPq5tnA0VBT9z4="
            }
          }
        },
        "waterline-errors": {
          "version": "https://registry.npmjs.org/waterline-errors/-/waterline-errors-0.10.1.tgz",
          "integrity": "sha1-7mNjKq3emTJxt1FLfKmNn9W4ai4="
        },
        "waterline-sequel": {
          "version": "https://registry.npmjs.org/waterline-sequel/-/waterline-sequel-0.5.7.tgz",
          "integrity": "sha1-HX5DKLq/rYoxvT+yaobXGACtgo0=",
          "dependencies": {
            "lodash": {
              "version": "https://registry.npmjs.org/lodash/-/lodash-3.10.0.tgz",
              "integrity": "sha1-k9UcZygopEFqEq9XIguoqHN+L7s="
            }
          }
        }
      }
    }
  }
}
